
Microsoft Visual Studio Solution File, Format Version 12.00
# Visual Studio 2012
Project("{FAE04EC0-301F-11D3-BF4B-00C04F79EFBC}") = "CorrugatedIron", "CorrugatedIron\CorrugatedIron.csproj", "{A2CA0CDC-85BB-489D-99D0-3EE1D135BE17}"
EndProject
Project("{FAE04EC0-301F-11D3-BF4B-00C04F79EFBC}") = "CorrugatedIron.Tests", "CorrugatedIron.Tests\CorrugatedIron.Tests.csproj", "{E765CC5E-3C83-42CB-9B9A-C8AF400AC0AC}"
EndProject
Project("{FAE04EC0-301F-11D3-BF4B-00C04F79EFBC}") = "CorrugatedIron.Tests.Live", "CorrugatedIron.Tests.Live\CorrugatedIron.Tests.Live.csproj", "{5D52E2FA-931C-4E77-BF2B-3A9F0D0CD834}"
EndProject
Project("{2150E333-8FDC-42A3-9474-1A3956D46DE8}") = "Metadata", "Metadata", "{C6E7CFF8-CC0A-49A4-B235-DDF0F23EB2A6}"
	ProjectSection(SolutionItems) = preProject
		Metadata\CorrugatedIron.snk = Metadata\CorrugatedIron.snk
		Metadata\VersionInfo.cs = Metadata\VersionInfo.cs
	EndProjectSection
EndProject
Project("{2150E333-8FDC-42A3-9474-1A3956D46DE8}") = ".nuget", ".nuget", "{7C41693C-65D6-45C6-8074-851AFA56B9C8}"
	ProjectSection(SolutionItems) = preProject
		.nuget\NuGet.Config = .nuget\NuGet.Config
		.nuget\nuget.exe = .nuget\nuget.exe
		.nuget\NuGet.targets = .nuget\NuGet.targets
	EndProjectSection
EndProject
Project("{2150E333-8FDC-42A3-9474-1A3956D46DE8}") = "Nuspec", "Nuspec", "{6D31FDF6-D21D-4784-A8BF-CDDFCEDD1091}"
	ProjectSection(SolutionItems) = preProject
		NuGet\CorrugatedIron.nuspec = NuGet\CorrugatedIron.nuspec
	EndProjectSection
EndProject
Global
	GlobalSection(SolutionConfigurationPlatforms) = preSolution
		Debug|Any CPU = Debug|Any CPU
		Release|Any CPU = Release|Any CPU
	EndGlobalSection
	GlobalSection(ProjectConfigurationPlatforms) = postSolution
		{A2CA0CDC-85BB-489D-99D0-3EE1D135BE17}.Debug|Any CPU.ActiveCfg = Debug|Any CPU
		{A2CA0CDC-85BB-489D-99D0-3EE1D135BE17}.Debug|Any CPU.Build.0 = Debug|Any CPU
		{A2CA0CDC-85BB-489D-99D0-3EE1D135BE17}.Release|Any CPU.ActiveCfg = Release|Any CPU
		{A2CA0CDC-85BB-489D-99D0-3EE1D135BE17}.Release|Any CPU.Build.0 = Release|Any CPU
		{E765CC5E-3C83-42CB-9B9A-C8AF400AC0AC}.Debug|Any CPU.ActiveCfg = Debug|Any CPU
		{E765CC5E-3C83-42CB-9B9A-C8AF400AC0AC}.Debug|Any CPU.Build.0 = Debug|Any CPU
		{E765CC5E-3C83-42CB-9B9A-C8AF400AC0AC}.Release|Any CPU.ActiveCfg = Release|Any CPU
		{E765CC5E-3C83-42CB-9B9A-C8AF400AC0AC}.Release|Any CPU.Build.0 = Release|Any CPU
		{5D52E2FA-931C-4E77-BF2B-3A9F0D0CD834}.Debug|Any CPU.ActiveCfg = Debug|Any CPU
		{5D52E2FA-931C-4E77-BF2B-3A9F0D0CD834}.Debug|Any CPU.Build.0 = Debug|Any CPU
		{5D52E2FA-931C-4E77-BF2B-3A9F0D0CD834}.Release|Any CPU.ActiveCfg = Release|Any CPU
		{5D52E2FA-931C-4E77-BF2B-3A9F0D0CD834}.Release|Any CPU.Build.0 = Release|Any CPU
	EndGlobalSection
	GlobalSection(SolutionProperties) = preSolution
		HideSolutionNode = FALSE
	EndGlobalSection
	GlobalSection(MonoDevelopProperties) = preSolution
		StartupItem = CorrugatedIron\CorrugatedIron.csproj
		Policies = $0
		$0.TextStylePolicy = $3
		$1.inheritsSet = null
		$1.scope = text/x-csharp
		$0.CSharpFormattingPolicy = $2
		$2.BeforeMethodCallParentheses = False
		$2.BeforeIndexerDeclarationBracket = False
		$2.BeforeDelegateDeclarationParentheses = False
		$2.NewParentheses = False
		$2.SpacesBeforeBrackets = False
		$2.inheritsSet = Mono
		$2.inheritsScope = text/x-csharp
		$2.scope = text/x-csharp
		$3.EolMarker = Windows
		$3.inheritsSet = VisualStudio
		$3.inheritsScope = text/plain
		$3.scope = text/plain
		$0.StandardHeader = $4
		$4.Text = @Copyright (c) 2010 - OJ Reeves & Jeremiah Peschka\r\n\nThis file is provided to you under the Apache License,\r\nVersion 2.0 (the "License"); you may not use this file\r\nexcept in compliance with the License.  You may obtain\r\na copy of the License at\r\n\r\n   http://www.apache.org/licenses/LICENSE-2.0\r\n\nUnless required by applicable law or agreed to in writing,\r\nsoftware distributed under the License is distributed on an\r\n"AS IS" BASIS, WITHOUT WARRANTIES OR CONDITIONS OF ANY\r\nKIND, either express or implied.  See the License for the\r\nspecific language governing permissions and limitations\r\nunder the License.
		$4.IncludeInNewFiles = True
		$0.DotNetNamingPolicy = $5
		$5.DirectoryNamespaceAssociation = None
		$5.ResourceNamePolicy = FileFormatDefault
	EndGlobalSection
EndGlobal
